
Microsoft Visual Studio Solution File, Format Version 12.00
# Visual Studio Version 17
VisualStudioVersion = 17.9.34622.214
MinimumVisualStudioVersion = 10.0.40219.1
Project("{FAE04EC0-301F-11D3-BF4B-00C04F79EFBC}") = "StockTrackingAPI", "StockTrackingAPI\StockTrackingAPI.csproj", "{F1FD92BF-7F1F-41AE-B62D-D83AC415B983}"
EndProject
Project("{FAE04EC0-301F-11D3-BF4B-00C04F79EFBC}") = "EntityLayer", "EntityLayer\EntityLayer.csproj", "{03D9A0DC-1854-4752-8BEA-77A7C80966CB}"
EndProject
Project("{FAE04EC0-301F-11D3-BF4B-00C04F79EFBC}") = "DataAccessLayer", "DataAccessLayer\DataAccessLayer.csproj", "{AE44B9A9-64F9-4AC3-8B7D-4725DEA85813}"
EndProject
Project("{FAE04EC0-301F-11D3-BF4B-00C04F79EFBC}") = "BusinessLayer", "BusinessLayer\BusinessLayer.csproj", "{4FCE8B43-CECF-4947-997C-E974E8ECB45C}"
EndProject
Project("{FAE04EC0-301F-11D3-BF4B-00C04F79EFBC}") = "Core", "Core\Core.csproj", "{1B655CE3-5BAD-4CF3-94BF-F2D9CC339359}"
EndProject
Global
	GlobalSection(SolutionConfigurationPlatforms) = preSolution
		Debug|Any CPU = Debug|Any CPU
		Release|Any CPU = Release|Any CPU
	EndGlobalSection
	GlobalSection(ProjectConfigurationPlatforms) = postSolution
		{F1FD92BF-7F1F-41AE-B62D-D83AC415B983}.Debug|Any CPU.ActiveCfg = Debug|Any CPU
		{F1FD92BF-7F1F-41AE-B62D-D83AC415B983}.Debug|Any CPU.Build.0 = Debug|Any CPU
		{F1FD92BF-7F1F-41AE-B62D-D83AC415B983}.Release|Any CPU.ActiveCfg = Release|Any CPU
		{F1FD92BF-7F1F-41AE-B62D-D83AC415B983}.Release|Any CPU.Build.0 = Release|Any CPU
		{03D9A0DC-1854-4752-8BEA-77A7C80966CB}.Debug|Any CPU.ActiveCfg = Debug|Any CPU
		{03D9A0DC-1854-4752-8BEA-77A7C80966CB}.Debug|Any CPU.Build.0 = Debug|Any CPU
		{03D9A0DC-1854-4752-8BEA-77A7C80966CB}.Release|Any CPU.ActiveCfg = Release|Any CPU
		{03D9A0DC-1854-4752-8BEA-77A7C80966CB}.Release|Any CPU.Build.0 = Release|Any CPU
		{AE44B9A9-64F9-4AC3-8B7D-4725DEA85813}.Debug|Any CPU.ActiveCfg = Debug|Any CPU
		{AE44B9A9-64F9-4AC3-8B7D-4725DEA85813}.Debug|Any CPU.Build.0 = Debug|Any CPU
		{AE44B9A9-64F9-4AC3-8B7D-4725DEA85813}.Release|Any CPU.ActiveCfg = Release|Any CPU
		{AE44B9A9-64F9-4AC3-8B7D-4725DEA85813}.Release|Any CPU.Build.0 = Release|Any CPU
		{4FCE8B43-CECF-4947-997C-E974E8ECB45C}.Debug|Any CPU.ActiveCfg = Debug|Any CPU
		{4FCE8B43-CECF-4947-997C-E974E8ECB45C}.Debug|Any CPU.Build.0 = Debug|Any CPU
		{4FCE8B43-CECF-4947-997C-E974E8ECB45C}.Release|Any CPU.ActiveCfg = Release|Any CPU
		{4FCE8B43-CECF-4947-997C-E974E8ECB45C}.Release|Any CPU.Build.0 = Release|Any CPU
		{1B655CE3-5BAD-4CF3-94BF-F2D9CC339359}.Debug|Any CPU.ActiveCfg = Debug|Any CPU
		{1B655CE3-5BAD-4CF3-94BF-F2D9CC339359}.Debug|Any CPU.Build.0 = Debug|Any CPU
		{1B655CE3-5BAD-4CF3-94BF-F2D9CC339359}.Release|Any CPU.ActiveCfg = Release|Any CPU
		{1B655CE3-5BAD-4CF3-94BF-F2D9CC339359}.Release|Any CPU.Build.0 = Release|Any CPU
	EndGlobalSection
	GlobalSection(SolutionProperties) = preSolution
		HideSolutionNode = FALSE
	EndGlobalSection
	GlobalSection(ExtensibilityGlobals) = postSolution
		SolutionGuid = {2DC28489-6439-488B-9AE4-4B2FB0B2972F}
	EndGlobalSection
EndGlobal
